
Microsoft Visual Studio Solution File, Format Version 12.00
# Visual Studio 15
VisualStudioVersion = 15.0.27703.2018
MinimumVisualStudioVersion = 10.0.40219.1
Project("{FAE04EC0-301F-11D3-BF4B-00C04F79EFBC}") = "PoCParkingSensors", "PoCParkingSensors\PoCParkingSensors.csproj", "{8CD3B9D2-423B-41C6-925F-42D73E1B6C90}"
EndProject
Global
	GlobalSection(SolutionConfigurationPlatforms) = preSolution
		Debug|Any CPU = Debug|Any CPU
		Release|Any CPU = Release|Any CPU
	EndGlobalSection
	GlobalSection(ProjectConfigurationPlatforms) = postSolution
		{8CD3B9D2-423B-41C6-925F-42D73E1B6C90}.Debug|Any CPU.ActiveCfg = Debug|Any CPU
		{8CD3B9D2-423B-41C6-925F-42D73E1B6C90}.Debug|Any CPU.Build.0 = Debug|Any CPU
		{8CD3B9D2-423B-41C6-925F-42D73E1B6C90}.Release|Any CPU.ActiveCfg = Release|Any CPU
		{8CD3B9D2-423B-41C6-925F-42D73E1B6C90}.Release|Any CPU.Build.0 = Release|Any CPU
	EndGlobalSection
	GlobalSection(SolutionProperties) = preSolution
		HideSolutionNode = FALSE
	EndGlobalSection
	GlobalSection(ExtensibilityGlobals) = postSolution
		SolutionGuid = {AEB69C6D-B9D4-4446-9327-116218C7D8F3}
	EndGlobalSection
EndGlobal
